
Microsoft Visual Studio Solution File, Format Version 12.00
# Visual Studio Version 17
VisualStudioVersion = 17.7.34221.43
MinimumVisualStudioVersion = 10.0.40219.1
Project("{FAE04EC0-301F-11D3-BF4B-00C04F79EFBC}") = "ASP.NET_Database_Connection_Task", "ASP.NET_Database_Connection_Task\ASP.NET_Database_Connection_Task.csproj", "{C923D727-352D-4BA2-B482-C549AB88D2F0}"
EndProject
Global
	GlobalSection(SolutionConfigurationPlatforms) = preSolution
		Debug|Any CPU = Debug|Any CPU
		Release|Any CPU = Release|Any CPU
	EndGlobalSection
	GlobalSection(ProjectConfigurationPlatforms) = postSolution
		{C923D727-352D-4BA2-B482-C549AB88D2F0}.Debug|Any CPU.ActiveCfg = Debug|Any CPU
		{C923D727-352D-4BA2-B482-C549AB88D2F0}.Debug|Any CPU.Build.0 = Debug|Any CPU
		{C923D727-352D-4BA2-B482-C549AB88D2F0}.Release|Any CPU.ActiveCfg = Release|Any CPU
		{C923D727-352D-4BA2-B482-C549AB88D2F0}.Release|Any CPU.Build.0 = Release|Any CPU
	EndGlobalSection
	GlobalSection(SolutionProperties) = preSolution
		HideSolutionNode = FALSE
	EndGlobalSection
	GlobalSection(ExtensibilityGlobals) = postSolution
		SolutionGuid = {453400DB-F8FA-4395-8531-B1D014AFE869}
	EndGlobalSection
EndGlobal
